--- 
hash: 84b2368ea3343f7a3805081b5e2767513f6bd050
sources: 
- Rubygems: 
    uri: http://rubygems.org
specs: 
- backports: 
    version: 1.18.1
- json: 
    version: 1.4.3
- mime-types: 
    version: "1.16"
- rack: 
    version: 1.2.1
- redis: 
    version: 2.0.4
- rest-client: 
    version: 1.6.0
- restfully: 
    version: 0.5.10
- sinatra: 
    version: "1.0"
dependencies: 
  redis: 
    version: ">= 0"
    group: 
    - :default
  restfully: 
    version: ">= 0"
    group: 
    - :default
  sinatra: 
    version: ">= 0"
    group: 
    - :default
